
Microsoft Visual Studio Solution File, Format Version 12.00
# Visual Studio 2012
Project("{8BC9CEB8-8B4A-11D0-8D11-00A0C91BC942}") = "ДЗ_к_10.02_СЛУ", "ДЗ_к_10.02_СЛУ\ДЗ_к_10.02_СЛУ.vcxproj", "{FD13772A-1555-45F7-BAD1-ACBEBC5FB2CA}"
EndProject
Global
	GlobalSection(SolutionConfigurationPlatforms) = preSolution
		Debug|Win32 = Debug|Win32
		Release|Win32 = Release|Win32
	EndGlobalSection
	GlobalSection(ProjectConfigurationPlatforms) = postSolution
		{FD13772A-1555-45F7-BAD1-ACBEBC5FB2CA}.Debug|Win32.ActiveCfg = Debug|Win32
		{FD13772A-1555-45F7-BAD1-ACBEBC5FB2CA}.Debug|Win32.Build.0 = Debug|Win32
		{FD13772A-1555-45F7-BAD1-ACBEBC5FB2CA}.Release|Win32.ActiveCfg = Release|Win32
		{FD13772A-1555-45F7-BAD1-ACBEBC5FB2CA}.Release|Win32.Build.0 = Release|Win32
	EndGlobalSection
	GlobalSection(SolutionProperties) = preSolution
		HideSolutionNode = FALSE
	EndGlobalSection
EndGlobal
